
Microsoft Visual Studio Solution File, Format Version 12.00
# Visual Studio Version 17
VisualStudioVersion = 17.0.31919.166
MinimumVisualStudioVersion = 10.0.40219.1
Project("{FAE04EC0-301F-11D3-BF4B-00C04F79EFBC}") = "AIColorizer", "AIColorizer\AIColorizer.csproj", "{000979D3-40D3-4ED9-8BC1-D75CEF0EFF4A}"
EndProject
Global
	GlobalSection(SolutionConfigurationPlatforms) = preSolution
		Debug|Any CPU = Debug|Any CPU
		Release|Any CPU = Release|Any CPU
	EndGlobalSection
	GlobalSection(ProjectConfigurationPlatforms) = postSolution
		{000979D3-40D3-4ED9-8BC1-D75CEF0EFF4A}.Debug|Any CPU.ActiveCfg = Debug|Any CPU
		{000979D3-40D3-4ED9-8BC1-D75CEF0EFF4A}.Debug|Any CPU.Build.0 = Debug|Any CPU
		{000979D3-40D3-4ED9-8BC1-D75CEF0EFF4A}.Release|Any CPU.ActiveCfg = Release|Any CPU
		{000979D3-40D3-4ED9-8BC1-D75CEF0EFF4A}.Release|Any CPU.Build.0 = Release|Any CPU
	EndGlobalSection
	GlobalSection(SolutionProperties) = preSolution
		HideSolutionNode = FALSE
	EndGlobalSection
	GlobalSection(ExtensibilityGlobals) = postSolution
		SolutionGuid = {C6701BDA-EE69-4598-A831-3A8E8BD944BB}
	EndGlobalSection
EndGlobal
